
Microsoft Visual Studio Solution File, Format Version 12.00
# Visual Studio 15
VisualStudioVersion = 15.0.28307.421
MinimumVisualStudioVersion = 10.0.40219.1
Project("{9A19103F-16F7-4668-BE54-9A1E7A4F7556}") = "InPort.Domain", "InPort.Domain\InPort.Domain.csproj", "{E76691C5-EF7D-487C-8AC4-6D72725D7160}"
EndProject
Project("{9A19103F-16F7-4668-BE54-9A1E7A4F7556}") = "InPort.Domain.Core", "InPort.Domain.Core\InPort.Domain.Core.csproj", "{CD964BE6-9B3F-4095-976D-135A4A0A7263}"
EndProject
Project("{9A19103F-16F7-4668-BE54-9A1E7A4F7556}") = "InPort.Aplication", "InPort.Aplication\InPort.Aplication.csproj", "{FD449185-532B-4A17-A071-73F5AF83DAEA}"
EndProject
Project("{9A19103F-16F7-4668-BE54-9A1E7A4F7556}") = "InPort.Aplication.Core", "InPort.Aplication.Core\InPort.Aplication.Core.csproj", "{17A0C16B-29FF-487D-B79F-6D0D4A3E109A}"
EndProject
Project("{9A19103F-16F7-4668-BE54-9A1E7A4F7556}") = "InPort.Infra.CrossCutting.Bus", "InPort.Infra.CrossCutting.Bus\InPort.Infra.CrossCutting.Bus.csproj", "{0FC5B4F1-939E-4E53-A2E7-97A509BA4220}"
EndProject
Project("{9A19103F-16F7-4668-BE54-9A1E7A4F7556}") = "InPort.Infra.CrossCutting.Identity", "InPort.Infra.CrossCutting.Identity\InPort.Infra.CrossCutting.Identity.csproj", "{0850CE93-33CF-4AD3-A401-AF73B162D7CB}"
EndProject
Project("{9A19103F-16F7-4668-BE54-9A1E7A4F7556}") = "InPort.Infra.CrossCutting.IoC", "InPort.Infra.CrossCutting.IoC\InPort.Infra.CrossCutting.IoC.csproj", "{CD4FF742-3A96-40DC-8D10-A68BE2B39E4B}"
EndProject
Project("{9A19103F-16F7-4668-BE54-9A1E7A4F7556}") = "InPort.Infra.Data", "InPort.Infra.Data\InPort.Infra.Data.csproj", "{77E8517E-8E5F-4D4C-AA73-198B9336C3C0}"
EndProject
Project("{9A19103F-16F7-4668-BE54-9A1E7A4F7556}") = "InPort.Infra.Core", "InPort.Infra.Core\InPort.Infra.Core.csproj", "{0C37A72F-4BF6-4FDF-BFD3-31AF9F92BF23}"
EndProject
Project("{9A19103F-16F7-4668-BE54-9A1E7A4F7556}") = "InPort.WebUI", "InPort.WebUI\InPort.WebUI.csproj", "{FEF15FB0-0D61-4618-8D09-3F95D0AA356E}"
EndProject
Project("{2150E333-8FDC-42A3-9474-1A3956D46DE8}") = "Solution Items", "Solution Items", "{BDF3D996-F568-4FF5-B30E-C4602DD0D051}"
	ProjectSection(SolutionItems) = preProject
		.dockerignore = .dockerignore
		docker-compose.override.yml = docker-compose.override.yml
		docker-compose.tests.yml = docker-compose.tests.yml
		docker-compose.yml = docker-compose.yml
	EndProjectSection
EndProject
Global
	GlobalSection(SolutionConfigurationPlatforms) = preSolution
		Debug|Any CPU = Debug|Any CPU
		Release|Any CPU = Release|Any CPU
	EndGlobalSection
	GlobalSection(ProjectConfigurationPlatforms) = postSolution
		{E76691C5-EF7D-487C-8AC4-6D72725D7160}.Debug|Any CPU.ActiveCfg = Debug|Any CPU
		{E76691C5-EF7D-487C-8AC4-6D72725D7160}.Debug|Any CPU.Build.0 = Debug|Any CPU
		{E76691C5-EF7D-487C-8AC4-6D72725D7160}.Release|Any CPU.ActiveCfg = Release|Any CPU
		{E76691C5-EF7D-487C-8AC4-6D72725D7160}.Release|Any CPU.Build.0 = Release|Any CPU
		{CD964BE6-9B3F-4095-976D-135A4A0A7263}.Debug|Any CPU.ActiveCfg = Debug|Any CPU
		{CD964BE6-9B3F-4095-976D-135A4A0A7263}.Debug|Any CPU.Build.0 = Debug|Any CPU
		{CD964BE6-9B3F-4095-976D-135A4A0A7263}.Release|Any CPU.ActiveCfg = Release|Any CPU
		{CD964BE6-9B3F-4095-976D-135A4A0A7263}.Release|Any CPU.Build.0 = Release|Any CPU
		{FD449185-532B-4A17-A071-73F5AF83DAEA}.Debug|Any CPU.ActiveCfg = Debug|Any CPU
		{FD449185-532B-4A17-A071-73F5AF83DAEA}.Debug|Any CPU.Build.0 = Debug|Any CPU
		{FD449185-532B-4A17-A071-73F5AF83DAEA}.Release|Any CPU.ActiveCfg = Release|Any CPU
		{FD449185-532B-4A17-A071-73F5AF83DAEA}.Release|Any CPU.Build.0 = Release|Any CPU
		{17A0C16B-29FF-487D-B79F-6D0D4A3E109A}.Debug|Any CPU.ActiveCfg = Debug|Any CPU
		{17A0C16B-29FF-487D-B79F-6D0D4A3E109A}.Debug|Any CPU.Build.0 = Debug|Any CPU
		{17A0C16B-29FF-487D-B79F-6D0D4A3E109A}.Release|Any CPU.ActiveCfg = Release|Any CPU
		{17A0C16B-29FF-487D-B79F-6D0D4A3E109A}.Release|Any CPU.Build.0 = Release|Any CPU
		{0FC5B4F1-939E-4E53-A2E7-97A509BA4220}.Debug|Any CPU.ActiveCfg = Debug|Any CPU
		{0FC5B4F1-939E-4E53-A2E7-97A509BA4220}.Debug|Any CPU.Build.0 = Debug|Any CPU
		{0FC5B4F1-939E-4E53-A2E7-97A509BA4220}.Release|Any CPU.ActiveCfg = Release|Any CPU
		{0FC5B4F1-939E-4E53-A2E7-97A509BA4220}.Release|Any CPU.Build.0 = Release|Any CPU
		{0850CE93-33CF-4AD3-A401-AF73B162D7CB}.Debug|Any CPU.ActiveCfg = Debug|Any CPU
		{0850CE93-33CF-4AD3-A401-AF73B162D7CB}.Debug|Any CPU.Build.0 = Debug|Any CPU
		{0850CE93-33CF-4AD3-A401-AF73B162D7CB}.Release|Any CPU.ActiveCfg = Release|Any CPU
		{0850CE93-33CF-4AD3-A401-AF73B162D7CB}.Release|Any CPU.Build.0 = Release|Any CPU
		{CD4FF742-3A96-40DC-8D10-A68BE2B39E4B}.Debug|Any CPU.ActiveCfg = Debug|Any CPU
		{CD4FF742-3A96-40DC-8D10-A68BE2B39E4B}.Debug|Any CPU.Build.0 = Debug|Any CPU
		{CD4FF742-3A96-40DC-8D10-A68BE2B39E4B}.Release|Any CPU.ActiveCfg = Release|Any CPU
		{CD4FF742-3A96-40DC-8D10-A68BE2B39E4B}.Release|Any CPU.Build.0 = Release|Any CPU
		{77E8517E-8E5F-4D4C-AA73-198B9336C3C0}.Debug|Any CPU.ActiveCfg = Debug|Any CPU
		{77E8517E-8E5F-4D4C-AA73-198B9336C3C0}.Debug|Any CPU.Build.0 = Debug|Any CPU
		{77E8517E-8E5F-4D4C-AA73-198B9336C3C0}.Release|Any CPU.ActiveCfg = Release|Any CPU
		{77E8517E-8E5F-4D4C-AA73-198B9336C3C0}.Release|Any CPU.Build.0 = Release|Any CPU
		{0C37A72F-4BF6-4FDF-BFD3-31AF9F92BF23}.Debug|Any CPU.ActiveCfg = Debug|Any CPU
		{0C37A72F-4BF6-4FDF-BFD3-31AF9F92BF23}.Debug|Any CPU.Build.0 = Debug|Any CPU
		{0C37A72F-4BF6-4FDF-BFD3-31AF9F92BF23}.Release|Any CPU.ActiveCfg = Release|Any CPU
		{0C37A72F-4BF6-4FDF-BFD3-31AF9F92BF23}.Release|Any CPU.Build.0 = Release|Any CPU
		{FEF15FB0-0D61-4618-8D09-3F95D0AA356E}.Debug|Any CPU.ActiveCfg = Debug|Any CPU
		{FEF15FB0-0D61-4618-8D09-3F95D0AA356E}.Debug|Any CPU.Build.0 = Debug|Any CPU
		{FEF15FB0-0D61-4618-8D09-3F95D0AA356E}.Release|Any CPU.ActiveCfg = Release|Any CPU
		{FEF15FB0-0D61-4618-8D09-3F95D0AA356E}.Release|Any CPU.Build.0 = Release|Any CPU
	EndGlobalSection
	GlobalSection(SolutionProperties) = preSolution
		HideSolutionNode = FALSE
	EndGlobalSection
	GlobalSection(ExtensibilityGlobals) = postSolution
		SolutionGuid = {A922FFEC-D766-40A9-A263-AF87FAE34353}
	EndGlobalSection
EndGlobal
